
Microsoft Visual Studio Solution File, Format Version 12.00
# Visual Studio Version 17
VisualStudioVersion = 17.5.33424.131
MinimumVisualStudioVersion = 10.0.40219.1
Project("{FAE04EC0-301F-11D3-BF4B-00C04F79EFBC}") = "API_Kamil", "API_Kamil\API_Kamil.csproj", "{4D43C0AE-100F-4AC2-8565-4EC2D0FF52D6}"
EndProject
Global
	GlobalSection(SolutionConfigurationPlatforms) = preSolution
		Debug|Any CPU = Debug|Any CPU
		Release|Any CPU = Release|Any CPU
	EndGlobalSection
	GlobalSection(ProjectConfigurationPlatforms) = postSolution
		{4D43C0AE-100F-4AC2-8565-4EC2D0FF52D6}.Debug|Any CPU.ActiveCfg = Debug|Any CPU
		{4D43C0AE-100F-4AC2-8565-4EC2D0FF52D6}.Debug|Any CPU.Build.0 = Debug|Any CPU
		{4D43C0AE-100F-4AC2-8565-4EC2D0FF52D6}.Release|Any CPU.ActiveCfg = Release|Any CPU
		{4D43C0AE-100F-4AC2-8565-4EC2D0FF52D6}.Release|Any CPU.Build.0 = Release|Any CPU
	EndGlobalSection
	GlobalSection(SolutionProperties) = preSolution
		HideSolutionNode = FALSE
	EndGlobalSection
	GlobalSection(ExtensibilityGlobals) = postSolution
		SolutionGuid = {A9771F39-A658-4374-8F90-5BFF62AA08B4}
	EndGlobalSection
EndGlobal
